
Microsoft Visual Studio Solution File, Format Version 12.00
# Visual Studio Version 17
VisualStudioVersion = 17.10.35122.118
MinimumVisualStudioVersion = 10.0.40219.1
Project("{9A19103F-16F7-4668-BE54-9A1E7A4F7556}") = "DigitalAudioExperiment", "DigitalAudioExperiment\DigitalAudioExperiment.csproj", "{7D6C1EED-819A-45B5-802E-1A8B2461FF2C}"
EndProject
Project("{54435603-DBB4-11D2-8724-00A0C9A8B90C}") = "DigitalAudioExperimentInstaller", "DigitalAudioExperimentInstaller\DigitalAudioExperimentInstaller.vdproj", "{6C14CB4B-4472-49DC-B1C9-0AF9F04AFA61}"
EndProject
Global
	GlobalSection(SolutionConfigurationPlatforms) = preSolution
		Debug|Any CPU = Debug|Any CPU
		Release|Any CPU = Release|Any CPU
	EndGlobalSection
	GlobalSection(ProjectConfigurationPlatforms) = postSolution
		{7D6C1EED-819A-45B5-802E-1A8B2461FF2C}.Debug|Any CPU.ActiveCfg = Debug|Any CPU
		{7D6C1EED-819A-45B5-802E-1A8B2461FF2C}.Debug|Any CPU.Build.0 = Debug|Any CPU
		{7D6C1EED-819A-45B5-802E-1A8B2461FF2C}.Release|Any CPU.ActiveCfg = Release|Any CPU
		{7D6C1EED-819A-45B5-802E-1A8B2461FF2C}.Release|Any CPU.Build.0 = Release|Any CPU
		{6C14CB4B-4472-49DC-B1C9-0AF9F04AFA61}.Debug|Any CPU.ActiveCfg = Debug
		{6C14CB4B-4472-49DC-B1C9-0AF9F04AFA61}.Release|Any CPU.ActiveCfg = Release
	EndGlobalSection
	GlobalSection(SolutionProperties) = preSolution
		HideSolutionNode = FALSE
	EndGlobalSection
	GlobalSection(ExtensibilityGlobals) = postSolution
		SolutionGuid = {136EB1B7-EDF6-427C-BA9B-1C38934EA212}
	EndGlobalSection
EndGlobal
